
Microsoft Visual Studio Solution File, Format Version 12.00
# Visual Studio Version 17
VisualStudioVersion = 17.14.36623.8
MinimumVisualStudioVersion = 10.0.40219.1
Project("{FAE04EC0-301F-11D3-BF4B-00C04F79EFBC}") = "Orders.Backend", "Orders.Backend\Orders.Backend.csproj", "{C3A90374-0F9E-4820-A0E1-C4C482C9AF7C}"
EndProject
Project("{FAE04EC0-301F-11D3-BF4B-00C04F79EFBC}") = "Orders.Fronted", "Orders.Fronted\Orders.Fronted.csproj", "{88A1808D-8058-4920-9439-79C440B5C4EA}"
EndProject
Project("{FAE04EC0-301F-11D3-BF4B-00C04F79EFBC}") = "Orders.Shared", "Orders.Shared\Orders.Shared.csproj", "{F4623E69-E342-4984-A993-78C406FCA486}"
EndProject
Project("{FAE04EC0-301F-11D3-BF4B-00C04F79EFBC}") = "Orders.Tests", "Orders.Tests\Orders.Tests.csproj", "{E45333C6-650A-40A7-90B3-F8F565F8F2E6}"
EndProject
Global
	GlobalSection(SolutionConfigurationPlatforms) = preSolution
		Debug|Any CPU = Debug|Any CPU
		Release|Any CPU = Release|Any CPU
	EndGlobalSection
	GlobalSection(ProjectConfigurationPlatforms) = postSolution
		{C3A90374-0F9E-4820-A0E1-C4C482C9AF7C}.Debug|Any CPU.ActiveCfg = Debug|Any CPU
		{C3A90374-0F9E-4820-A0E1-C4C482C9AF7C}.Debug|Any CPU.Build.0 = Debug|Any CPU
		{C3A90374-0F9E-4820-A0E1-C4C482C9AF7C}.Release|Any CPU.ActiveCfg = Release|Any CPU
		{C3A90374-0F9E-4820-A0E1-C4C482C9AF7C}.Release|Any CPU.Build.0 = Release|Any CPU
		{88A1808D-8058-4920-9439-79C440B5C4EA}.Debug|Any CPU.ActiveCfg = Debug|Any CPU
		{88A1808D-8058-4920-9439-79C440B5C4EA}.Debug|Any CPU.Build.0 = Debug|Any CPU
		{88A1808D-8058-4920-9439-79C440B5C4EA}.Release|Any CPU.ActiveCfg = Release|Any CPU
		{88A1808D-8058-4920-9439-79C440B5C4EA}.Release|Any CPU.Build.0 = Release|Any CPU
		{F4623E69-E342-4984-A993-78C406FCA486}.Debug|Any CPU.ActiveCfg = Debug|Any CPU
		{F4623E69-E342-4984-A993-78C406FCA486}.Debug|Any CPU.Build.0 = Debug|Any CPU
		{F4623E69-E342-4984-A993-78C406FCA486}.Release|Any CPU.ActiveCfg = Release|Any CPU
		{F4623E69-E342-4984-A993-78C406FCA486}.Release|Any CPU.Build.0 = Release|Any CPU
		{E45333C6-650A-40A7-90B3-F8F565F8F2E6}.Debug|Any CPU.ActiveCfg = Debug|Any CPU
		{E45333C6-650A-40A7-90B3-F8F565F8F2E6}.Debug|Any CPU.Build.0 = Debug|Any CPU
		{E45333C6-650A-40A7-90B3-F8F565F8F2E6}.Release|Any CPU.ActiveCfg = Release|Any CPU
		{E45333C6-650A-40A7-90B3-F8F565F8F2E6}.Release|Any CPU.Build.0 = Release|Any CPU
	EndGlobalSection
	GlobalSection(SolutionProperties) = preSolution
		HideSolutionNode = FALSE
	EndGlobalSection
	GlobalSection(ExtensibilityGlobals) = postSolution
		SolutionGuid = {F4C11EEB-B5F7-40F8-9A22-153AE0A7F1AB}
	EndGlobalSection
EndGlobal
